{
  "version": 1,
  "dependencies": {
    "net10.0": {
      "BACnet": {
        "type": "Transitive",
        "resolved": "3.0.2",
        "contentHash": "v9LzuZ++X4jZG0WMuofUSnp2fGfos/wjzdmZGc7VLXZnzNg+Jq1qJ4eYEjGtmMr+aNU5qchMcqVj1r7noB0NBw==",
        "dependencies": {
          "Common.Logging": "3.4.1",
          "PacketDotNet": "0.19.3",
          "SharpPcap": "4.5.0",
          "System.IO.Ports": "5.0.1"
        }
      },
      "Beckhoff.TwinCAT.Ads": {
        "type": "Transitive",
        "resolved": "7.0.292",
        "contentHash": "oCN8brTt4GNWgPJxQ4IuIevirHgQa48t6T+7CGv9P67L4e1vEwiF+xu8QVSaD88UvQwRp1W09RE5Mx98nPrYmw==",
        "dependencies": {
          "Beckhoff.TwinCAT.Ads.Server": "7.0.292",
          "Microsoft.Extensions.Logging.Abstractions": "10.0.9",
          "System.ComponentModel.Composition": "10.0.9",
          "System.Reactive": "6.1.0"
        }
      },
      "Beckhoff.TwinCAT.Ads.Abstractions": {
        "type": "Transitive",
        "resolved": "7.0.292",
        "contentHash": "yAe0aZJ8QoKipPblSMLQsUt6We+1u7bQ0Yz0SQSKNwZ61bPfYFt2/ujFKsT7O79Ijmnsqrhx8MsWFuG9bR/cvQ==",
        "dependencies": {
          "Microsoft.Extensions.Configuration.Abstractions": "10.0.9",
          "Microsoft.Extensions.Logging.Abstractions": "10.0.9",
          "System.ServiceProcess.ServiceController": "10.0.9"
        }
      },
      "Beckhoff.TwinCAT.Ads.ConfigurationProviders": {
        "type": "Transitive",
        "resolved": "7.0.292",
        "contentHash": "wHX0gKEBrlNmNBYJNBuF1Qs29cP1bNhKFu/cYN46US8rctuA7n70RRR0igJvUebeG3IGsU1Qx+bcCu3U2tM1EA==",
        "dependencies": {
          "Beckhoff.TwinCAT.Ads.Abstractions": "7.0.292",
          "Microsoft.Extensions.Configuration": "10.0.9",
          "System.ComponentModel.Composition": "10.0.9"
        }
      },
      "Beckhoff.TwinCAT.Ads.Server": {
        "type": "Transitive",
        "resolved": "7.0.292",
        "contentHash": "oAhfn6kcfSrWt50xuynUGazr0LT7m2g3SlATnqUCt1GgaICyxOf3XnmAi3yllGN2yrlcU2QqZF4LLl8Px0SvNw==",
        "dependencies": {
          "Beckhoff.TwinCAT.Ads.Abstractions": "7.0.292",
          "Beckhoff.TwinCAT.Ads.ConfigurationProviders": "7.0.292",
          "Microsoft.Extensions.Configuration": "10.0.9",
          "Microsoft.Extensions.Configuration.Binder": "10.0.9",
          "Microsoft.Extensions.Logging.Abstractions": "10.0.9",
          "System.ComponentModel.Composition": "10.0.9",
          "System.Reactive": "6.1.0"
        }
      },
      "BitFaster.Caching": {
        "type": "Transitive",
        "resolved": "2.6.0",
        "contentHash": "iF2dMiGpaya8Umwi0OfsGKtq3aMVgHVsBChwQL+NhShEsRorcoTinGf9FFNBnBMwJW2Vm0FqhtOaEBY0+74p6g=="
      },
      "Common.Logging": {
        "type": "Transitive",
        "resolved": "3.4.1",
        "contentHash": "5eZ/vgEOqzLg4PypZqnJ+wMhhgHyckicbZY4iDxqQ4FtOz0CpdYZ0xQ78aszMzeAJZiLLb5VdR9tPfunVQLz6g==",
        "dependencies": {
          "Common.Logging.Core": "3.4.1"
        }
      },
      "Common.Logging.Core": {
        "type": "Transitive",
        "resolved": "3.4.1",
        "contentHash": "wLHldZHvxsSD6Ahonfj00/SkfHfKqO+YT6jsUwVm8Rch1REL9IArHAcSLXxYxYfu5/4ydGtmXvOtaH3AkVPu0A=="
      },
      "EEIP.NetStandard": {
        "type": "Transitive",
        "resolved": "1.0.1",
        "contentHash": "gek5QvxvzASrMdRKqPYLzAdbeCsLIGenjUKE1xGFS7q+CHO/OXRG2S6ocSUw09To2huXnxFAnGsXx0YfFArjdQ=="
      },
      "Lextm.SharpSnmpLib": {
        "type": "Transitive",
        "resolved": "12.5.7",
        "contentHash": "k631wRQNnFOpKxsYyziPp1UR4v+IBFS81nnmQyQa+RxSlmYjoLViNXINV43Aa49kQO1ulSUmGTI9DD94z0HAHg=="
      },
      "log4net": {
        "type": "Transitive",
        "resolved": "3.3.0",
        "contentHash": "wtZ7K4XGWDxeQqHbUybwIug/3AAzhKcmroLf4ENfE5GsaDIMqT3GLX24f18XPFY8Qg9vaxfMSAODwWAXqkjI/Q==",
        "dependencies": {
          "System.Configuration.ConfigurationManager": "4.5.0"
        }
      },
      "Microsoft.Bcl.Cryptography": {
        "type": "Transitive",
        "resolved": "9.0.13",
        "contentHash": "5T+bH3Lb1nEe8Hf/ixMxLmhlrx5wRi53wv7OhVwG2F1ZviW1ejFRS1NHur3uqPpJRGtkQwUchtY6zhVK2R+v+w=="
      },
      "Microsoft.Data.SqlClient": {
        "type": "Transitive",
        "resolved": "7.0.1",
        "contentHash": "9jZFXAJ2ThNYK7lhj2RhH7klXVNaWSvZpQncq3bPIOjmHBrdjwgeO4c8wucUVxQwFT8rAA13Z2F2jzoYR7ICDw==",
        "dependencies": {
          "Microsoft.Bcl.Cryptography": "9.0.13",
          "Microsoft.Data.SqlClient.Extensions.Abstractions": "1.0.0",
          "Microsoft.Data.SqlClient.Internal.Logging": "1.0.0",
          "Microsoft.Data.SqlClient.SNI.runtime": "6.0.2",
          "Microsoft.Extensions.Caching.Memory": "9.0.13",
          "Microsoft.IdentityModel.JsonWebTokens": "8.16.0",
          "Microsoft.IdentityModel.Protocols.OpenIdConnect": "8.16.0",
          "Microsoft.SqlServer.Server": "1.0.0",
          "System.Configuration.ConfigurationManager": "9.0.13",
          "System.Security.Cryptography.Pkcs": "9.0.13"
        }
      },
      "Microsoft.Data.SqlClient.Extensions.Abstractions": {
        "type": "Transitive",
        "resolved": "1.0.0",
        "contentHash": "rlnxc0KfwDSbE8ZHntFnl8SCgOa9QtJZblMv2zXLhRwl1Je7fsdsVzxSjzzC4JMsfAK+jXJWyezRB8SxUY4BdA==",
        "dependencies": {
          "Microsoft.Data.SqlClient.Internal.Logging": "1.0.0"
        }
      },
      "Microsoft.Data.SqlClient.Internal.Logging": {
        "type": "Transitive",
        "resolved": "1.0.0",
        "contentHash": "Kue/7CF8KNT9zozfr30C94dMZVZml3atqWZvQemSXvTau76tRdypzeKiBKXadqgbOME0UiQIyVTNo5WxCRNVNg=="
      },
      "Microsoft.Data.SqlClient.SNI.runtime": {
        "type": "Transitive",
        "resolved": "6.0.2",
        "contentHash": "f+pRODTWX7Y67jXO3T5S2dIPZ9qMJNySjlZT/TKmWVNWe19N8jcWmHaqHnnchaq3gxEKv1SWVY5EFzOD06l41w=="
      },
      "Microsoft.Data.Sqlite": {
        "type": "Transitive",
        "resolved": "9.0.0",
        "contentHash": "lw6wthgXGx3r/U775k1UkUAWIn0kAT0wj4ZRq0WlhPx4WAOiBsIjgDKgWkXcNTGT0KfHiClkM+tyPVFDvxeObw==",
        "dependencies": {
          "Microsoft.Data.Sqlite.Core": "9.0.0",
          "SQLitePCLRaw.bundle_e_sqlite3": "2.1.10",
          "SQLitePCLRaw.core": "2.1.10"
        }
      },
      "Microsoft.Data.Sqlite.Core": {
        "type": "Transitive",
        "resolved": "9.0.0",
        "contentHash": "cFfZjFL+tqzGYw9lB31EkV1IWF5xRQNk2k+MQd+Cf86Gl6zTeAoiZIFw5sRB1Z8OxpEC7nu+nTDsLSjieBAPTw==",
        "dependencies": {
          "SQLitePCLRaw.core": "2.1.10"
        }
      },
      "Microsoft.Extensions.Caching.Abstractions": {
        "type": "Transitive",
        "resolved": "9.0.13",
        "contentHash": "nTT90JYIpcXEy6fcU8LPVycONkO6wipROgP9pyC4uxBif4fazu2rDzlWSntqtzr5p8GbQL2EopsYuTZR3yoeag==",
        "dependencies": {
          "Microsoft.Extensions.Primitives": "9.0.13"
        }
      },
      "Microsoft.Extensions.Caching.Memory": {
        "type": "Transitive",
        "resolved": "9.0.13",
        "contentHash": "OdQmN8LYcUEu20Fxii9mk68nHJGL+JPXF3w0+hxenf0oDDdDBA+ZV/S92FmIgAWAElowIiFA/g0x+8YB1g80Hg==",
        "dependencies": {
          "Microsoft.Extensions.Caching.Abstractions": "9.0.13",
          "Microsoft.Extensions.DependencyInjection.Abstractions": "9.0.13",
          "Microsoft.Extensions.Logging.Abstractions": "9.0.13",
          "Microsoft.Extensions.Options": "9.0.13",
          "Microsoft.Extensions.Primitives": "9.0.13"
        }
      },
      "Microsoft.Extensions.Configuration": {
        "type": "Transitive",
        "resolved": "10.0.9",
        "contentHash": "woZsWLhOQsASuxbmgiZJqiGUBNo3IjRdXC92xt8rRokza+P6/nIsnzq7sm9Or6ZYcRl2kL1ufj8HVzp1QlPTXw==",
        "dependencies": {
          "Microsoft.Extensions.Configuration.Abstractions": "10.0.9",
          "Microsoft.Extensions.Primitives": "10.0.9"
        }
      },
      "Microsoft.Extensions.Configuration.Abstractions": {
        "type": "Transitive",
        "resolved": "10.0.9",
        "contentHash": "qGhRPd3VxfLV9UqatVOiD9mAeUbj2KiMwGFYC5uXlzExiZQoe4X/hdmzGIU7BQjNLTqCnnbTHVyBglG3668/HA==",
        "dependencies": {
          "Microsoft.Extensions.Primitives": "10.0.9"
        }
      },
      "Microsoft.Extensions.Configuration.Binder": {
        "type": "Transitive",
        "resolved": "10.0.9",
        "contentHash": "Tp/+LPb70RyjjtLg9m5C959eP4KrUpJHThZfAegZVpsfmGvzfuNkuYbI/ft+LvXhMSyUcAeOPaN6rzTccwnZAg==",
        "dependencies": {
          "Microsoft.Extensions.Configuration": "10.0.9",
          "Microsoft.Extensions.Configuration.Abstractions": "10.0.9"
        }
      },
      "Microsoft.Extensions.DependencyInjection": {
        "type": "Transitive",
        "resolved": "10.0.8",
        "contentHash": "daf62xHIrq8pnE709hgaZZN9tSam9TGGepWe1+bE6V3GEuVwJiMs6ib+38lfMCyAJAHiX0vapxBhsuMSV7U+cg==",
        "dependencies": {
          "Microsoft.Extensions.DependencyInjection.Abstractions": "10.0.8"
        }
      },
      "Microsoft.Extensions.DependencyInjection.Abstractions": {
        "type": "Transitive",
        "resolved": "10.0.9",
        "contentHash": "g41l/30G3K4B/d/L8kjux0+30e27c8D0FVQ/PFCpbekgfDpj9mnDhieP67EqXWvl1EWNeZh2rpR4F5B/jcDOHA=="
      },
      "Microsoft.Extensions.Logging": {
        "type": "Transitive",
        "resolved": "10.0.8",
        "contentHash": "K60JhWC2hN/Gi7TP68tBxSzk5ACWOs7lkmPzsfA8Bcf/IXTajujt2ORMf9rSMk1bsng6Lv4Y3fuxp3bm1+15ug==",
        "dependencies": {
          "Microsoft.Extensions.DependencyInjection": "10.0.8",
          "Microsoft.Extensions.Logging.Abstractions": "10.0.8",
          "Microsoft.Extensions.Options": "10.0.8"
        }
      },
      "Microsoft.Extensions.Logging.Abstractions": {
        "type": "Transitive",
        "resolved": "10.0.9",
        "contentHash": "9S/DFt4cohlMPpzIxjG6kk0L8MuN2vDm9pbMCulxtJzzk82oJHVLBd8vuQxaPskaYQwKqmFmbannf5eoChgjYg==",
        "dependencies": {
          "Microsoft.Extensions.DependencyInjection.Abstractions": "10.0.9"
        }
      },
      "Microsoft.Extensions.Options": {
        "type": "Transitive",
        "resolved": "10.0.8",
        "contentHash": "VBD+131DpTNCNDfA4kIyKTiCySvJGNhwibdWBSdFRu7GMfXLXcXODkgA+KStKbbhzraLglZWUN4nXyHgW4JIRA==",
        "dependencies": {
          "Microsoft.Extensions.DependencyInjection.Abstractions": "10.0.8",
          "Microsoft.Extensions.Primitives": "10.0.8"
        }
      },
      "Microsoft.Extensions.Primitives": {
        "type": "Transitive",
        "resolved": "10.0.9",
        "contentHash": "fmEbAUFsaIKirgLt/lYhuFRBwhcSJN31jjHgCdbQxJiWOum6EdLjkbgGuukSP9z/a+9LibaxII/kF+GwOXgC4g=="
      },
      "Microsoft.IdentityModel.Abstractions": {
        "type": "Transitive",
        "resolved": "8.16.0",
        "contentHash": "gSxKLWRZzBpIsEoeUPkxfywNCCvRvl7hkq146XHPk5vOQc9izSf1I+uL1vh4y2U19QPxd9Z8K/8AdWyxYz2lSg=="
      },
      "Microsoft.IdentityModel.JsonWebTokens": {
        "type": "Transitive",
        "resolved": "8.16.0",
        "contentHash": "prBU72cIP4V8E9fhN+o/YdskTsLeIcnKPbhZf0X6mD7fdxoZqnS/NdEkSr+9Zp+2q7OZBOMfNBKGbTbhXODO4w==",
        "dependencies": {
          "Microsoft.IdentityModel.Tokens": "8.16.0"
        }
      },
      "Microsoft.IdentityModel.Logging": {
        "type": "Transitive",
        "resolved": "8.16.0",
        "contentHash": "MTzXmETkNQPACR7/XCXM1OGM6oU9RkyibqeJRtO9Ndew2LnGjMf9Atqj2VSf4XC27X0FQycUAlzxxEgQMWn2xQ==",
        "dependencies": {
          "Microsoft.IdentityModel.Abstractions": "8.16.0"
        }
      },
      "Microsoft.IdentityModel.Protocols": {
        "type": "Transitive",
        "resolved": "8.16.0",
        "contentHash": "UFrU7d46UTsPQTa2HIEIpB9H1uJe1BW9FLw5uhEJ2ZuKdur8bcUA/bO5caq5dlBt5gNJeRIB3QQXYNs5fCQCZA==",
        "dependencies": {
          "Microsoft.IdentityModel.Tokens": "8.16.0"
        }
      },
      "Microsoft.IdentityModel.Protocols.OpenIdConnect": {
        "type": "Transitive",
        "resolved": "8.16.0",
        "contentHash": "h4yVXyJsEBBX5lg2G5ftMsi5JzcNEGAzrNphA6DQ6eOd8P0s+cDCOyPwVTYLePZvJL5unbPvYIvzrbTXzFjXnQ==",
        "dependencies": {
          "Microsoft.IdentityModel.Protocols": "8.16.0",
          "System.IdentityModel.Tokens.Jwt": "8.16.0"
        }
      },
      "Microsoft.IdentityModel.Tokens": {
        "type": "Transitive",
        "resolved": "8.16.0",
        "contentHash": "rtViGJcGsN7WcfUNErwNeQgjuU5cJNl6FDQsfi9TncwO+Epzn0FTfBsg3YuFW1Q0Ch/KPxaVdjLw3/+5Z5ceFQ==",
        "dependencies": {
          "Microsoft.Extensions.Logging.Abstractions": "10.0.0",
          "Microsoft.IdentityModel.Logging": "8.16.0"
        }
      },
      "Microsoft.SqlServer.Server": {
        "type": "Transitive",
        "resolved": "1.0.0",
        "contentHash": "N4KeF3cpcm1PUHym1RmakkzfkEv3GRMyofVv40uXsQhCQeglr2OHNcUk2WOG51AKpGO8ynGpo9M/kFXSzghwug=="
      },
      "MySqlConnector": {
        "type": "Transitive",
        "resolved": "2.2.5",
        "contentHash": "6sinY78RvryhHwpup3awdjYO7d5hhWahb5p/1VDODJhSxJggV/sBbYuKK5IQF9TuzXABiddqUbmRfM884tqA3Q=="
      },
      "Newtonsoft.Json": {
        "type": "Transitive",
        "resolved": "13.0.4",
        "contentHash": "pdgNNMai3zv51W5aq268sujXUyx7SNdE2bj1wZcWjAQrKMFZV260lbqYop1d2GM67JI1huLRwxo9ZqnfF/lC6A=="
      },
      "NModbus": {
        "type": "Transitive",
        "resolved": "3.0.83",
        "contentHash": "DLqEobLC168wE1t4xHyEEFfj/IkX2Kx7w8PaNgaipb/8B7DSHMUlXi/TLJfD8EYS5rN0ENInhyOCC5U0wadtuQ=="
      },
      "NModbus.Serial": {
        "type": "Transitive",
        "resolved": "3.0.83",
        "contentHash": "IU4/gDTx8Y49iEIs9Lbl9Xc4yJ6ioqJR8GB3rKHHtdX0cAimdy2o1pYfJYdV5NUdE3XRjwJHPYGQ7qyJKtKI3w==",
        "dependencies": {
          "NModbus": "3.0.83",
          "System.IO.Ports": "7.0.0"
        }
      },
      "Npgsql": {
        "type": "Transitive",
        "resolved": "5.0.18",
        "contentHash": "1u4iCPKL9wtPeSUzChIbgq/BlOhvf44o7xASacdpMY7z0PbqACKpNOF0fjEn9jDV/AJl/HtPY6zk5qasQ1URhw=="
      },
      "OPCFoundation.NetStandard.Opc.Ua": {
        "type": "Transitive",
        "resolved": "1.5.378.145",
        "contentHash": "uk9RUquH1fQz4DdVkHgym9myd0JooQOc7zsnkaEjIoKjFg0fQLuyqmRC0rKfdRvSbCJa3JqpogN/MeDInZbcYg==",
        "dependencies": {
          "OPCFoundation.NetStandard.Opc.Ua.Client": "1.5.378.145",
          "OPCFoundation.NetStandard.Opc.Ua.Configuration": "1.5.378.145",
          "OPCFoundation.NetStandard.Opc.Ua.Core": "1.5.378.145",
          "OPCFoundation.NetStandard.Opc.Ua.Gds.Client.Common": "1.5.378.145",
          "OPCFoundation.NetStandard.Opc.Ua.Gds.Server.Common": "1.5.378.145",
          "OPCFoundation.NetStandard.Opc.Ua.Security.Certificates": "1.5.378.145",
          "OPCFoundation.NetStandard.Opc.Ua.Server": "1.5.378.145",
          "OPCFoundation.NetStandard.Opc.Ua.Types": "1.5.378.145"
        }
      },
      "OPCFoundation.NetStandard.Opc.Ua.Client": {
        "type": "Transitive",
        "resolved": "1.5.378.145",
        "contentHash": "iw2XUz5Fj6zTPgCtHmw2bBob0fTQAYTmXv8hLTHEz+7/NyNjtgQW3OCsQ+2EMZqLxkv1LU/MHmPCWwvguRqrgA==",
        "dependencies": {
          "BitFaster.Caching": "2.6.0",
          "OPCFoundation.NetStandard.Opc.Ua.Configuration": "1.5.378.145",
          "OPCFoundation.NetStandard.Opc.Ua.Core": "1.5.378.145"
        }
      },
      "OPCFoundation.NetStandard.Opc.Ua.Configuration": {
        "type": "Transitive",
        "resolved": "1.5.378.145",
        "contentHash": "vwikWMdCt0oyMP6LINsfItVZOgCS24wi7sCl+n03JrxwRX1KZGS4EwoCMeqz8oxy1pZkbUr8yD8bPma8emIzbw==",
        "dependencies": {
          "OPCFoundation.NetStandard.Opc.Ua.Core": "1.5.378.145"
        }
      },
      "OPCFoundation.NetStandard.Opc.Ua.Core": {
        "type": "Transitive",
        "resolved": "1.5.378.145",
        "contentHash": "7skS4Uk8UuHAlEq5nxlaP+01K4My5SmTw2CdiqRqi8iKkcDwqKysM1ydVDw8AMnJPlCWr/UV9zvEotX8yH9KAg==",
        "dependencies": {
          "Microsoft.Extensions.Logging": "10.0.8",
          "Newtonsoft.Json": "13.0.4",
          "OPCFoundation.NetStandard.Opc.Ua.Security.Certificates": "1.5.378.145",
          "OPCFoundation.NetStandard.Opc.Ua.Types": "1.5.378.145"
        }
      },
      "OPCFoundation.NetStandard.Opc.Ua.Gds.Client.Common": {
        "type": "Transitive",
        "resolved": "1.5.378.145",
        "contentHash": "Bs5gYRJW1j++pPN6ZNwLOm/yl/GmdNE/RIY9gIzWza+tF1LkpUNuv2fSzfG5u80QvgtunHFNsZcFFPv84k0q7w==",
        "dependencies": {
          "OPCFoundation.NetStandard.Opc.Ua.Client": "1.5.378.145",
          "OPCFoundation.NetStandard.Opc.Ua.Core": "1.5.378.145"
        }
      },
      "OPCFoundation.NetStandard.Opc.Ua.Gds.Server.Common": {
        "type": "Transitive",
        "resolved": "1.5.378.145",
        "contentHash": "fC6yhckc08a9U3E1xmldG6eJYARhcChBdMh9LwPZhj5AAD5YnB0KAbLxKX5hxUzXihFv4UPgkRghMtKRnLFkCw==",
        "dependencies": {
          "OPCFoundation.NetStandard.Opc.Ua.Core": "1.5.378.145",
          "OPCFoundation.NetStandard.Opc.Ua.Security.Certificates": "1.5.378.145",
          "OPCFoundation.NetStandard.Opc.Ua.Server": "1.5.378.145"
        }
      },
      "OPCFoundation.NetStandard.Opc.Ua.Security.Certificates": {
        "type": "Transitive",
        "resolved": "1.5.378.145",
        "contentHash": "FKQkB7CT3AHAzKMuKG1LpgRKnBr+885s2Bk0t7G0K+Xxu5nYrdPODlQmzqkhHHjUvERrKur0aL8zzDnMIzQX7A==",
        "dependencies": {
          "OPCFoundation.NetStandard.Opc.Ua.Types": "1.5.378.145"
        }
      },
      "OPCFoundation.NetStandard.Opc.Ua.Server": {
        "type": "Transitive",
        "resolved": "1.5.378.145",
        "contentHash": "nF4sMV2+mJIUUXFUTvtoniGMWyWmN2OEdYppMoWQL6uBhC5sWJaK/bE3/aWM4GhimzG8ftHyrzj9DzkMzoaCbg==",
        "dependencies": {
          "OPCFoundation.NetStandard.Opc.Ua.Configuration": "1.5.378.145",
          "OPCFoundation.NetStandard.Opc.Ua.Core": "1.5.378.145"
        }
      },
      "OPCFoundation.NetStandard.Opc.Ua.Types": {
        "type": "Transitive",
        "resolved": "1.5.378.145",
        "contentHash": "wlTCLEQnvlJHjpV5Bl7a/9gGAKN0lpxkeRaQk5/tQ+Y4Pty7tOQ/0bUGBto70wajxU6TueVHvggK6mb6LrHusA==",
        "dependencies": {
          "Microsoft.Extensions.Logging.Abstractions": "10.0.8"
        }
      },
      "opendnp3": {
        "type": "Transitive",
        "resolved": "3.1.2",
        "contentHash": "jbudOxqKEaq+5vDv2SJ96w/PaKou05qJb9sJggjCJje33WVzQG/TYG5xQFzGLltE+1dif1YuSpxPethlN0e23A=="
      },
      "Oracle.ManagedDataAccess.Core": {
        "type": "Transitive",
        "resolved": "23.8.0",
        "contentHash": "wgCcndZnwbWySb4Bm0UOAJO8wOagFAs1IG8Aa4ZX38D9N9MrySfryGKJd+yajb2CDGXv/yL3x7yES6mmF4OMWw==",
        "dependencies": {
          "System.Diagnostics.PerformanceCounter": "8.0.0",
          "System.DirectoryServices.Protocols": "8.0.0",
          "System.Security.Cryptography.Pkcs": "8.0.1"
        }
      },
      "Oscar.Data.SqlClient": {
        "type": "Transitive",
        "resolved": "4.0.4",
        "contentHash": "VJ3xVvRjxrPi/mMPT5EqYiMZor0MjFu83mw1qvUveBFWJSudGh9BOKZq7RkhqeNCcL1ud0uK0/TVkw+xTa4q4g=="
      },
      "PacketDotNet": {
        "type": "Transitive",
        "resolved": "0.19.3",
        "contentHash": "i7phQmaidpAaSA5SPW5g9B4VYxlyZWp0Z+ILvMNGoEzJI8RRQlpXADQNFs++KiYdJd1pxK9luGKepEQU5EC/1w==",
        "dependencies": {
          "log4net": "2.0.8"
        }
      },
      "runtime.android-arm.runtime.native.System.IO.Ports": {
        "type": "Transitive",
        "resolved": "10.0.0",
        "contentHash": "ehgGD1p2lNdYs/4xC1pqB8Cmuqq/c7YWOu+6YRZNpwgebcPyjzVNU2yjgBxHce4ER28hNT4DTeODr35xIHv+cw=="
      },
      "runtime.android-arm64.runtime.native.System.IO.Ports": {
        "type": "Transitive",
        "resolved": "10.0.0",
        "contentHash": "+LI5JP5YDzXvuYP5XHnEFURgGVb0misSYb2vYPcrTq7xH8EF8wp8N3fAU3IGJ2eeJ1KzvtVmsuQok+ZTrmooww=="
      },
      "runtime.android-x64.runtime.native.System.IO.Ports": {
        "type": "Transitive",
        "resolved": "10.0.0",
        "contentHash": "7wsbMw7Qaw5e2CittVwAO3Zub8ZNMG5fJrr3/8fVfMuyR1QaAYe0cbqmltTpstbiSK8G8yQDWCj3rJnre6ffXw=="
      },
      "runtime.android-x86.runtime.native.System.IO.Ports": {
        "type": "Transitive",
        "resolved": "10.0.0",
        "contentHash": "ZVKPUs3xVKzDQaVYnetP4BDuy1sdbtydaFZpiGIpmiczLfnVPqB0ddMShrJ1fQk1aM7tPcst/KzwUHjPqgijlQ=="
      },
      "runtime.linux-arm.runtime.native.System.IO.Ports": {
        "type": "Transitive",
        "resolved": "10.0.0",
        "contentHash": "IA5+Djaq6B6QRfO1x7qS0LoB7Cw/46c18zs98cP0Se+gpaUciJxSsBAl9PAPbfEIK5cADW5ecNvtGvNtk7S1Mg=="
      },
      "runtime.linux-arm64.runtime.native.System.IO.Ports": {
        "type": "Transitive",
        "resolved": "10.0.0",
        "contentHash": "G2udW9Ej7OYIPjgvcb+K6ooeU/84PqHnxMg8/vz1SHmCCLpEvCYS4W73MoL/Lqz28fJ1Pehy6cShp8DKKGbBPg=="
      },
      "runtime.linux-bionic-arm64.runtime.native.System.IO.Ports": {
        "type": "Transitive",
        "resolved": "10.0.0",
        "contentHash": "yXj5BTjwpjnZhkyC1JZLbMdMh6tamF3qjac7DAHQa/qM8ICqjxK5F6duS3i0OnWPaZBZUKkpP1dyZ8FeL7GsKQ=="
      },
      "runtime.linux-bionic-x64.runtime.native.System.IO.Ports": {
        "type": "Transitive",
        "resolved": "10.0.0",
        "contentHash": "nxCe45MUNmsCLhgIn2Catvf25ipmHzTBoXUfkjsl97o2RJXl5PSjx2jiYvJIz8O9Zx7mRGBBtgvLtpLDm1Ci3g=="
      },
      "runtime.linux-musl-arm.runtime.native.System.IO.Ports": {
        "type": "Transitive",
        "resolved": "10.0.0",
        "contentHash": "PK0gGqX/FrLP+fv5c+56s36bqQu8umGt2h1L5ze1rqioYb1NErZg3D+zA4s45pHLDupJ7vmlvLo72DLFPAnzow=="
      },
      "runtime.linux-musl-arm64.runtime.native.System.IO.Ports": {
        "type": "Transitive",
        "resolved": "10.0.0",
        "contentHash": "kGmMJHJIairC0znRxMY8l8dovr7mpqb1wTRT0k/H0pHUYMC0yWyBxPQ6Jhss/tevazLYJG+kfsNw8oouF2pyvQ=="
      },
      "runtime.linux-musl-x64.runtime.native.System.IO.Ports": {
        "type": "Transitive",
        "resolved": "10.0.0",
        "contentHash": "dUvttlipSsyfqgmGkdzsBTSwDA92r7NIL860jIGlaZ31kY7vGGxa9EeR9Y//vj5JmIcRVMhoe69u2t1pITPHTQ=="
      },
      "runtime.linux-x64.runtime.native.System.IO.Ports": {
        "type": "Transitive",
        "resolved": "10.0.0",
        "contentHash": "BYU08iO5Ey9oGMxSXCrsmEHkT51SifbIL8yBCD7e59P90tZzxpzm89j+guGsb24+qbiwOlCQmpi10dgWn6VmWg=="
      },
      "runtime.maccatalyst-arm64.runtime.native.System.IO.Ports": {
        "type": "Transitive",
        "resolved": "10.0.0",
        "contentHash": "DGVYub3vzhIXntukgOH18NOs6O6Y0PivftW/DYJZQs4lrA/zIUWs7DFXdY4D+4dcJjKBweb5qp4uRIko/vtodQ=="
      },
      "runtime.maccatalyst-x64.runtime.native.System.IO.Ports": {
        "type": "Transitive",
        "resolved": "10.0.0",
        "contentHash": "h+H9WlpBbG1b3ZcnjaRdV1avmz1mOWvkjGoXlYh+brPPT3XpP2KWtTOLAz/3JpQe49LwGq+rOX8GwbzQvUpdkA=="
      },
      "runtime.native.System.IO.Ports": {
        "type": "Transitive",
        "resolved": "10.0.0",
        "contentHash": "xL+e2TzXMx4Ts/TVo/v6MbNtKPc3OASCN1cHqVXzWdT+fOH9m4BM12SSXkp5clP5Rj955Vh/4Lj1faD+FGwjiQ==",
        "dependencies": {
          "runtime.android-arm.runtime.native.System.IO.Ports": "10.0.0",
          "runtime.android-arm64.runtime.native.System.IO.Ports": "10.0.0",
          "runtime.android-x64.runtime.native.System.IO.Ports": "10.0.0",
          "runtime.android-x86.runtime.native.System.IO.Ports": "10.0.0",
          "runtime.linux-arm.runtime.native.System.IO.Ports": "10.0.0",
          "runtime.linux-arm64.runtime.native.System.IO.Ports": "10.0.0",
          "runtime.linux-bionic-arm64.runtime.native.System.IO.Ports": "10.0.0",
          "runtime.linux-bionic-x64.runtime.native.System.IO.Ports": "10.0.0",
          "runtime.linux-musl-arm.runtime.native.System.IO.Ports": "10.0.0",
          "runtime.linux-musl-arm64.runtime.native.System.IO.Ports": "10.0.0",
          "runtime.linux-musl-x64.runtime.native.System.IO.Ports": "10.0.0",
          "runtime.linux-x64.runtime.native.System.IO.Ports": "10.0.0",
          "runtime.maccatalyst-arm64.runtime.native.System.IO.Ports": "10.0.0",
          "runtime.maccatalyst-x64.runtime.native.System.IO.Ports": "10.0.0",
          "runtime.osx-arm64.runtime.native.System.IO.Ports": "10.0.0",
          "runtime.osx-x64.runtime.native.System.IO.Ports": "10.0.0"
        }
      },
      "runtime.osx-arm64.runtime.native.System.IO.Ports": {
        "type": "Transitive",
        "resolved": "10.0.0",
        "contentHash": "UrTKcNTBfHCvwmMJHJotiY8FVcQu1mk73b+AsLmVlu0S3Z27VvwWgd3fcw1CjkqX45BoVYMCE3JNhIExIKSrzQ=="
      },
      "runtime.osx-x64.runtime.native.System.IO.Ports": {
        "type": "Transitive",
        "resolved": "10.0.0",
        "contentHash": "kggkJk7S8OcoOLa9OyrP2zQ/eStiKHOytWVK8lJuRckzcz52eUgDo66+d9n2KciukcNmeAbmSHEY6fh2n394Jg=="
      },
      "SharpPcap": {
        "type": "Transitive",
        "resolved": "4.5.0",
        "contentHash": "z8Wa5XBwmygHSgUgSZEMlVXu1pNIo1qiYhYJfHdYcaEbAl6r46VzXMHsIQKhcbBADe/hT3BRA4FwF8i9qIzu5g==",
        "dependencies": {
          "PacketDotNet": "0.16.0"
        }
      },
      "SourceGear.sqlite3": {
        "type": "Transitive",
        "resolved": "3.50.4.5",
        "contentHash": "UtnipXhJYZKQOQIfpws/msLK7IRhMplE1CZCaZLIQXRnGD474QVpO/J9nMlQQY8NZueGz1aidjoxDRnrC1NT3Q=="
      },
      "SQLitePCLRaw.bundle_e_sqlite3": {
        "type": "Transitive",
        "resolved": "3.0.3",
        "contentHash": "Zt8jmSL5zcDWGk8rmzhWBJ6IRyLWh1yWS04Pg72+GIvo3Ba4E/rG4Y/4l7AWlSEogEbzyKRTCXUAs1v/O7Pkkg==",
        "dependencies": {
          "SQLitePCLRaw.config.e_sqlite3": "3.0.3",
          "SourceGear.sqlite3": "3.50.4.5"
        }
      },
      "SQLitePCLRaw.config.e_sqlite3": {
        "type": "Transitive",
        "resolved": "3.0.3",
        "contentHash": "caP/ap0X2fyVmstCXu5ueOmcr2XWAxA2XyKghV7H4bOAFmq3nWcsGl9q44iY1HYG+i8Qr4G9XEqdfti0rV6/ZQ==",
        "dependencies": {
          "SQLitePCLRaw.provider.e_sqlite3": "3.0.3"
        }
      },
      "SQLitePCLRaw.core": {
        "type": "Transitive",
        "resolved": "3.0.3",
        "contentHash": "bjm6FY4lZyP+t7GmiuvSM0QXpFihAvyE0Y9O2yibm3g95AAWJPNnHOKVNJGyPTGIKuK7Pr4Wh8Rd8/aOtAclQw=="
      },
      "SQLitePCLRaw.provider.e_sqlite3": {
        "type": "Transitive",
        "resolved": "3.0.3",
        "contentHash": "wd+fGvZTrr3BJNe48opSczmC176Okd61ZgoZNQcdvZwkek6to978ccdpcFmNo5GHxCnk29KwT+f+lAZYgfLVZg==",
        "dependencies": {
          "SQLitePCLRaw.core": "3.0.3"
        }
      },
      "SqlSugarCore": {
        "type": "Transitive",
        "resolved": "5.1.4.214",
        "contentHash": "Jm1PbcEKGosLRx6gNqhbSNU8B2aFLCRD5vLXPvfJBPLUA/eROWpy9dnauLtt+E3BNHbPiSjrLTih7G06eR1Dbw==",
        "dependencies": {
          "Microsoft.Data.SqlClient": "5.2.2",
          "Microsoft.Data.Sqlite": "9.0.0",
          "MySqlConnector": "2.2.5",
          "Newtonsoft.Json": "13.0.2",
          "Npgsql": "5.0.18",
          "Oracle.ManagedDataAccess.Core": "23.8.0",
          "Oscar.Data.SqlClient": "4.0.4",
          "SqlSugarCore.Dm": "8.8.1",
          "SqlSugarCore.Kdbndp": "9.3.8.122"
        }
      },
      "SqlSugarCore.Dm": {
        "type": "Transitive",
        "resolved": "8.8.1",
        "contentHash": "TQaUQNhsXLSckTS8eAvrnwO5RPB1mqmkTNQhNmufcGWrw2+hi4pvOmNYRT0d7Tl0EBBZreHchLIP2Pjvuc/0MA=="
      },
      "SqlSugarCore.Kdbndp": {
        "type": "Transitive",
        "resolved": "9.3.8.122",
        "contentHash": "cK5ntiTwT+JShuFvBvWLrE0YMA1LtajZxtwSUBtqUzJeslWDiXX1k9nshGAhCiPPIUy1hXbKKnTU8mCVFHHDeg=="
      },
      "SqlSugarCore.MySqlConnector": {
        "type": "Transitive",
        "resolved": "5.1.4.92",
        "contentHash": "bmKX7lhRIs5mCA8rOuA4/365HEm+5I5n91E2LZkzQlnvBAGnE1dMRWISGKpZAHWrr/yeeHqvvII+Du9BFPm/WQ==",
        "dependencies": {
          "SqlSugarCore": "5.1.4.93"
        }
      },
      "System.ComponentModel.Composition": {
        "type": "Transitive",
        "resolved": "10.0.9",
        "contentHash": "qeEr33Kz5yILup3wWSOhb3LmEE/jK9Rk0dtGbAJI/W1jn8FJwPn9BI5azZ764tQmk1/3wtWeZI8Ypu+GIW3d8Q=="
      },
      "System.Configuration.ConfigurationManager": {
        "type": "Transitive",
        "resolved": "9.0.13",
        "contentHash": "GbBrJq9S/gYpHzm7Pxx6Y5tDyfSfyxW6tlP5oiKJV38uf19Wp+GIIAnWfyL1zmNiz1+EjwVapw2WkBFvvqKQzg==",
        "dependencies": {
          "System.Diagnostics.EventLog": "9.0.13",
          "System.Security.Cryptography.ProtectedData": "9.0.13"
        }
      },
      "System.Diagnostics.EventLog": {
        "type": "Transitive",
        "resolved": "10.0.9",
        "contentHash": "s2PcxHK4IYQ6gmD3VSBkym9tWGkFisKjcjWBdl7a+n4Yy66ae4beJ1ZdjDp060SSll4W3Rt4H2LW87dWckv+QQ=="
      },
      "System.Diagnostics.PerformanceCounter": {
        "type": "Transitive",
        "resolved": "8.0.0",
        "contentHash": "lX6DXxtJqVGWw7N/QmVoiCyVQ+Q/Xp+jVXPr3gLK1jJExSn1qmAjJQeb8gnOYeeBTG3E3PmG1nu92eYj/TEjpg==",
        "dependencies": {
          "System.Configuration.ConfigurationManager": "8.0.0"
        }
      },
      "System.DirectoryServices.Protocols": {
        "type": "Transitive",
        "resolved": "8.0.0",
        "contentHash": "puwJxURHDrYLGTQdsHyeMS72ClTqYa4lDYz6LHSbkZEk5hq8H8JfsO4MyYhB5BMMxg93jsQzLUwrnCumj11UIg=="
      },
      "System.IdentityModel.Tokens.Jwt": {
        "type": "Transitive",
        "resolved": "8.16.0",
        "contentHash": "rrs2u7DRMXQG2yh0oVyF/vLwosfRv20Ld2iEpYcKwQWXHjfV+gFXNQsQ9p008kR9Ou4pxBs68Q6/9zC8Gi1wjg==",
        "dependencies": {
          "Microsoft.IdentityModel.JsonWebTokens": "8.16.0",
          "Microsoft.IdentityModel.Tokens": "8.16.0"
        }
      },
      "System.IO.Ports": {
        "type": "Transitive",
        "resolved": "10.0.0",
        "contentHash": "UT9dTPqoEjG5AuPu2NA29hBlNyW2bGIVv/CoV2I2IjIRRnAzbXHVRdVZG5NKfuWTLmpQZfAaEAWV9MSn3VDrtg==",
        "dependencies": {
          "runtime.native.System.IO.Ports": "10.0.0"
        }
      },
      "System.Reactive": {
        "type": "Transitive",
        "resolved": "6.1.0",
        "contentHash": "M5cCC1ZMkZr9jbSQGTHnVkb5TDN67qWCV7AP8TAHdGkvDlu0puT5NzemESNn9+HkYIDpWpocP68/i+/ame2/2w=="
      },
      "System.Security.Cryptography.Pkcs": {
        "type": "Transitive",
        "resolved": "9.0.13",
        "contentHash": "dxJhkuoaelvWy588wPXjShNks+ZMiSgXnN75/u+DPbER5PqKrLPDftE0BvGM7nDK/scQAVlD+gRXlCAAjWi58Q=="
      },
      "System.Security.Cryptography.ProtectedData": {
        "type": "Transitive",
        "resolved": "9.0.13",
        "contentHash": "t8S9IDpjJKsLpLkeBdW8cWtcPyYqrGu93Dej1RO6WwuL/lkFSqWlan3rMJfortqz1mRIh+sys2AFsSA6jWJ3Jg=="
      },
      "System.ServiceProcess.ServiceController": {
        "type": "Transitive",
        "resolved": "10.0.9",
        "contentHash": "VaYklIT689DthcRzbqt3S8z3GkymiD+US+RLzMFfoPxNIyUxMpXT116cO6rVrKHSuwgdvb35HRKN/PmDmbL+3g==",
        "dependencies": {
          "System.Diagnostics.EventLog": "10.0.9"
        }
      },
      "ipc.gateway.core": {
        "type": "Project",
        "dependencies": {
          "IPC.Gateway.DataProcessing": "[1.0.0, )",
          "IPC.Gateway.Mqtt": "[1.0.0, )",
          "Microsoft.Data.SqlClient": "[7.0.1, )",
          "Microsoft.Extensions.Configuration.Abstractions": "[10.0.8, )",
          "Microsoft.Extensions.DependencyInjection.Abstractions": "[10.0.8, )",
          "NModbus": "[3.0.83, )",
          "OPCFoundation.NetStandard.Opc.Ua": "[1.5.378.145, )",
          "SQLitePCLRaw.bundle_e_sqlite3": "[3.0.3, )",
          "SqlSugarCore": "[5.1.4.214, )",
          "SqlSugarCore.MySqlConnector": "[5.1.4.92, )"
        }
      },
      "ipc.gateway.dataprocessing": {
        "type": "Project"
      },
      "ipc.gateway.legacyprotocolplugins": {
        "type": "Project",
        "dependencies": {
          "BACnet": "[3.0.2, )",
          "Beckhoff.TwinCAT.Ads": "[7.0.292, )",
          "EEIP.NetStandard": "[1.0.1, )",
          "IPC.Gateway.Core": "[1.0.0, )",
          "Lextm.SharpSnmpLib": "[12.5.7, )",
          "NModbus.Serial": "[3.0.83, )",
          "OPCFoundation.NetStandard.Opc.Ua.Client": "[1.5.378.145, )",
          "System.IO.Ports": "[10.0.0, )",
          "log4net": "[3.3.0, )",
          "opendnp3": "[3.1.2, )"
        }
      },
      "ipc.gateway.mqtt": {
        "type": "Project"
      }
    },
    "net10.0/win-x64": {
      "Microsoft.Data.SqlClient": {
        "type": "Transitive",
        "resolved": "7.0.1",
        "contentHash": "9jZFXAJ2ThNYK7lhj2RhH7klXVNaWSvZpQncq3bPIOjmHBrdjwgeO4c8wucUVxQwFT8rAA13Z2F2jzoYR7ICDw==",
        "dependencies": {
          "Microsoft.Bcl.Cryptography": "9.0.13",
          "Microsoft.Data.SqlClient.Extensions.Abstractions": "1.0.0",
          "Microsoft.Data.SqlClient.Internal.Logging": "1.0.0",
          "Microsoft.Data.SqlClient.SNI.runtime": "6.0.2",
          "Microsoft.Extensions.Caching.Memory": "9.0.13",
          "Microsoft.IdentityModel.JsonWebTokens": "8.16.0",
          "Microsoft.IdentityModel.Protocols.OpenIdConnect": "8.16.0",
          "Microsoft.SqlServer.Server": "1.0.0",
          "System.Configuration.ConfigurationManager": "9.0.13",
          "System.Security.Cryptography.Pkcs": "9.0.13"
        }
      },
      "Microsoft.Data.SqlClient.SNI.runtime": {
        "type": "Transitive",
        "resolved": "6.0.2",
        "contentHash": "f+pRODTWX7Y67jXO3T5S2dIPZ9qMJNySjlZT/TKmWVNWe19N8jcWmHaqHnnchaq3gxEKv1SWVY5EFzOD06l41w=="
      },
      "runtime.android-arm.runtime.native.System.IO.Ports": {
        "type": "Transitive",
        "resolved": "10.0.0",
        "contentHash": "ehgGD1p2lNdYs/4xC1pqB8Cmuqq/c7YWOu+6YRZNpwgebcPyjzVNU2yjgBxHce4ER28hNT4DTeODr35xIHv+cw=="
      },
      "runtime.android-arm64.runtime.native.System.IO.Ports": {
        "type": "Transitive",
        "resolved": "10.0.0",
        "contentHash": "+LI5JP5YDzXvuYP5XHnEFURgGVb0misSYb2vYPcrTq7xH8EF8wp8N3fAU3IGJ2eeJ1KzvtVmsuQok+ZTrmooww=="
      },
      "runtime.android-x64.runtime.native.System.IO.Ports": {
        "type": "Transitive",
        "resolved": "10.0.0",
        "contentHash": "7wsbMw7Qaw5e2CittVwAO3Zub8ZNMG5fJrr3/8fVfMuyR1QaAYe0cbqmltTpstbiSK8G8yQDWCj3rJnre6ffXw=="
      },
      "runtime.android-x86.runtime.native.System.IO.Ports": {
        "type": "Transitive",
        "resolved": "10.0.0",
        "contentHash": "ZVKPUs3xVKzDQaVYnetP4BDuy1sdbtydaFZpiGIpmiczLfnVPqB0ddMShrJ1fQk1aM7tPcst/KzwUHjPqgijlQ=="
      },
      "runtime.linux-arm.runtime.native.System.IO.Ports": {
        "type": "Transitive",
        "resolved": "10.0.0",
        "contentHash": "IA5+Djaq6B6QRfO1x7qS0LoB7Cw/46c18zs98cP0Se+gpaUciJxSsBAl9PAPbfEIK5cADW5ecNvtGvNtk7S1Mg=="
      },
      "runtime.linux-arm64.runtime.native.System.IO.Ports": {
        "type": "Transitive",
        "resolved": "10.0.0",
        "contentHash": "G2udW9Ej7OYIPjgvcb+K6ooeU/84PqHnxMg8/vz1SHmCCLpEvCYS4W73MoL/Lqz28fJ1Pehy6cShp8DKKGbBPg=="
      },
      "runtime.linux-bionic-arm64.runtime.native.System.IO.Ports": {
        "type": "Transitive",
        "resolved": "10.0.0",
        "contentHash": "yXj5BTjwpjnZhkyC1JZLbMdMh6tamF3qjac7DAHQa/qM8ICqjxK5F6duS3i0OnWPaZBZUKkpP1dyZ8FeL7GsKQ=="
      },
      "runtime.linux-bionic-x64.runtime.native.System.IO.Ports": {
        "type": "Transitive",
        "resolved": "10.0.0",
        "contentHash": "nxCe45MUNmsCLhgIn2Catvf25ipmHzTBoXUfkjsl97o2RJXl5PSjx2jiYvJIz8O9Zx7mRGBBtgvLtpLDm1Ci3g=="
      },
      "runtime.linux-musl-arm.runtime.native.System.IO.Ports": {
        "type": "Transitive",
        "resolved": "10.0.0",
        "contentHash": "PK0gGqX/FrLP+fv5c+56s36bqQu8umGt2h1L5ze1rqioYb1NErZg3D+zA4s45pHLDupJ7vmlvLo72DLFPAnzow=="
      },
      "runtime.linux-musl-arm64.runtime.native.System.IO.Ports": {
        "type": "Transitive",
        "resolved": "10.0.0",
        "contentHash": "kGmMJHJIairC0znRxMY8l8dovr7mpqb1wTRT0k/H0pHUYMC0yWyBxPQ6Jhss/tevazLYJG+kfsNw8oouF2pyvQ=="
      },
      "runtime.linux-musl-x64.runtime.native.System.IO.Ports": {
        "type": "Transitive",
        "resolved": "10.0.0",
        "contentHash": "dUvttlipSsyfqgmGkdzsBTSwDA92r7NIL860jIGlaZ31kY7vGGxa9EeR9Y//vj5JmIcRVMhoe69u2t1pITPHTQ=="
      },
      "runtime.linux-x64.runtime.native.System.IO.Ports": {
        "type": "Transitive",
        "resolved": "10.0.0",
        "contentHash": "BYU08iO5Ey9oGMxSXCrsmEHkT51SifbIL8yBCD7e59P90tZzxpzm89j+guGsb24+qbiwOlCQmpi10dgWn6VmWg=="
      },
      "runtime.maccatalyst-arm64.runtime.native.System.IO.Ports": {
        "type": "Transitive",
        "resolved": "10.0.0",
        "contentHash": "DGVYub3vzhIXntukgOH18NOs6O6Y0PivftW/DYJZQs4lrA/zIUWs7DFXdY4D+4dcJjKBweb5qp4uRIko/vtodQ=="
      },
      "runtime.maccatalyst-x64.runtime.native.System.IO.Ports": {
        "type": "Transitive",
        "resolved": "10.0.0",
        "contentHash": "h+H9WlpBbG1b3ZcnjaRdV1avmz1mOWvkjGoXlYh+brPPT3XpP2KWtTOLAz/3JpQe49LwGq+rOX8GwbzQvUpdkA=="
      },
      "runtime.osx-arm64.runtime.native.System.IO.Ports": {
        "type": "Transitive",
        "resolved": "10.0.0",
        "contentHash": "UrTKcNTBfHCvwmMJHJotiY8FVcQu1mk73b+AsLmVlu0S3Z27VvwWgd3fcw1CjkqX45BoVYMCE3JNhIExIKSrzQ=="
      },
      "runtime.osx-x64.runtime.native.System.IO.Ports": {
        "type": "Transitive",
        "resolved": "10.0.0",
        "contentHash": "kggkJk7S8OcoOLa9OyrP2zQ/eStiKHOytWVK8lJuRckzcz52eUgDo66+d9n2KciukcNmeAbmSHEY6fh2n394Jg=="
      },
      "SourceGear.sqlite3": {
        "type": "Transitive",
        "resolved": "3.50.4.5",
        "contentHash": "UtnipXhJYZKQOQIfpws/msLK7IRhMplE1CZCaZLIQXRnGD474QVpO/J9nMlQQY8NZueGz1aidjoxDRnrC1NT3Q=="
      },
      "System.Diagnostics.EventLog": {
        "type": "Transitive",
        "resolved": "10.0.9",
        "contentHash": "s2PcxHK4IYQ6gmD3VSBkym9tWGkFisKjcjWBdl7a+n4Yy66ae4beJ1ZdjDp060SSll4W3Rt4H2LW87dWckv+QQ=="
      },
      "System.Diagnostics.PerformanceCounter": {
        "type": "Transitive",
        "resolved": "8.0.0",
        "contentHash": "lX6DXxtJqVGWw7N/QmVoiCyVQ+Q/Xp+jVXPr3gLK1jJExSn1qmAjJQeb8gnOYeeBTG3E3PmG1nu92eYj/TEjpg==",
        "dependencies": {
          "System.Configuration.ConfigurationManager": "8.0.0"
        }
      },
      "System.DirectoryServices.Protocols": {
        "type": "Transitive",
        "resolved": "8.0.0",
        "contentHash": "puwJxURHDrYLGTQdsHyeMS72ClTqYa4lDYz6LHSbkZEk5hq8H8JfsO4MyYhB5BMMxg93jsQzLUwrnCumj11UIg=="
      },
      "System.IO.Ports": {
        "type": "Transitive",
        "resolved": "10.0.0",
        "contentHash": "UT9dTPqoEjG5AuPu2NA29hBlNyW2bGIVv/CoV2I2IjIRRnAzbXHVRdVZG5NKfuWTLmpQZfAaEAWV9MSn3VDrtg==",
        "dependencies": {
          "runtime.native.System.IO.Ports": "10.0.0"
        }
      },
      "System.Security.Cryptography.Pkcs": {
        "type": "Transitive",
        "resolved": "9.0.13",
        "contentHash": "dxJhkuoaelvWy588wPXjShNks+ZMiSgXnN75/u+DPbER5PqKrLPDftE0BvGM7nDK/scQAVlD+gRXlCAAjWi58Q=="
      },
      "System.ServiceProcess.ServiceController": {
        "type": "Transitive",
        "resolved": "10.0.9",
        "contentHash": "VaYklIT689DthcRzbqt3S8z3GkymiD+US+RLzMFfoPxNIyUxMpXT116cO6rVrKHSuwgdvb35HRKN/PmDmbL+3g==",
        "dependencies": {
          "System.Diagnostics.EventLog": "10.0.9"
        }
      }
    }
  }
}